
Microsoft Visual Studio Solution File, Format Version 12.00
# Visual Studio Version 16
VisualStudioVersion = 16.0.30523.141
MinimumVisualStudioVersion = 10.0.40219.1
Project("{FAE04EC0-301F-11D3-BF4B-00C04F79EFBC}") = "WindowsFormsApp1", "WindowsFormsApp1\WindowsFormsApp1.csproj", "{F993361B-BB86-4A6D-BADC-4382998E4D7E}"
EndProject
Global
	GlobalSection(SolutionConfigurationPlatforms) = preSolution
		Debug|Any CPU = Debug|Any CPU
		Release|Any CPU = Release|Any CPU
	EndGlobalSection
	GlobalSection(ProjectConfigurationPlatforms) = postSolution
		{F993361B-BB86-4A6D-BADC-4382998E4D7E}.Debug|Any CPU.ActiveCfg = Debug|Any CPU
		{F993361B-BB86-4A6D-BADC-4382998E4D7E}.Debug|Any CPU.Build.0 = Debug|Any CPU
		{F993361B-BB86-4A6D-BADC-4382998E4D7E}.Release|Any CPU.ActiveCfg = Release|Any CPU
		{F993361B-BB86-4A6D-BADC-4382998E4D7E}.Release|Any CPU.Build.0 = Release|Any CPU
	EndGlobalSection
	GlobalSection(SolutionProperties) = preSolution
		HideSolutionNode = FALSE
	EndGlobalSection
	GlobalSection(ExtensibilityGlobals) = postSolution
		SolutionGuid = {FCEA435A-E113-415C-818D-5E96835F0E82}
	EndGlobalSection
EndGlobal
